
Microsoft Visual Studio Solution File, Format Version 12.00
# Visual Studio Version 16
VisualStudioVersion = 16.0.29709.97
MinimumVisualStudioVersion = 10.0.40219.1
Project("{FAE04EC0-301F-11D3-BF4B-00C04F79EFBC}") = "ArraysSarahNguyen", "ArraysSarahNguyen.csproj", "{5BEAD461-89F2-46DF-A9DB-1BDD410CF325}"
EndProject
Global
	GlobalSection(SolutionConfigurationPlatforms) = preSolution
		Debug|Any CPU = Debug|Any CPU
		Release|Any CPU = Release|Any CPU
	EndGlobalSection
	GlobalSection(ProjectConfigurationPlatforms) = postSolution
		{5BEAD461-89F2-46DF-A9DB-1BDD410CF325}.Debug|Any CPU.ActiveCfg = Debug|Any CPU
		{5BEAD461-89F2-46DF-A9DB-1BDD410CF325}.Debug|Any CPU.Build.0 = Debug|Any CPU
		{5BEAD461-89F2-46DF-A9DB-1BDD410CF325}.Release|Any CPU.ActiveCfg = Release|Any CPU
		{5BEAD461-89F2-46DF-A9DB-1BDD410CF325}.Release|Any CPU.Build.0 = Release|Any CPU
	EndGlobalSection
	GlobalSection(SolutionProperties) = preSolution
		HideSolutionNode = FALSE
	EndGlobalSection
	GlobalSection(ExtensibilityGlobals) = postSolution
		SolutionGuid = {F3D74580-3EC1-4CED-935E-3539A71B2576}
	EndGlobalSection
EndGlobal
